// !$*UTF8*$!
{
	archiveVersion = 1;
	classes = {
	};
	objectVersion = 48;
	objects = {

/* Begin PBXBuildFile section */
		D761D6AF2085D0E4000A8D38 /* AppDelegate.swift in Sources */ = {isa = PBXBuildFile; fileRef = D761D6AE2085D0E4000A8D38 /* AppDelegate.swift */; };
		D761D6B12085D0E4000A8D38 /* ViewController.swift in Sources */ = {isa = PBXBuildFile; fileRef = D761D6B02085D0E4000A8D38 /* ViewController.swift */; };
		D761D6B42085D0E4000A8D38 /* Main.storyboard in Resources */ = {isa = PBXBuildFile; fileRef = D761D6B22085D0E4000A8D38 /* Main.storyboard */; };
		D761D6B62085D0E4000A8D38 /* Assets.xcassets in Resources */ = {isa = PBXBuildFile; fileRef = D761D6B52085D0E4000A8D38 /* Assets.xcassets */; };
		D761D6B92085D0E4000A8D38 /* LaunchScreen.storyboard in Resources */ = {isa = PBXBuildFile; fileRef = D761D6B72085D0E4000A8D38 /* LaunchScreen.storyboard */; };
		D761D6C42085D0E4000A8D38 /* TestRichNotificationTests.swift in Sources */ = {isa = PBXBuildFile; fileRef = D761D6C32085D0E4000A8D38 /* TestRichNotificationTests.swift */; };
		D761D6CF2085D0E4000A8D38 /* TestRichNotificationUITests.swift in Sources */ = {isa = PBXBuildFile; fileRef = D761D6CE2085D0E4000A8D38 /* TestRichNotificationUITests.swift */; };
		D761D6E32085D10E000A8D38 /* NotificationService.swift in Sources */ = {isa = PBXBuildFile; fileRef = D761D6E22085D10E000A8D38 /* NotificationService.swift */; };
		D761D6E72085D10E000A8D38 /* ExtentionRich.appex in Embed App Extensions */ = {isa = PBXBuildFile; fileRef = D761D6E02085D10E000A8D38 /* ExtentionRich.appex */; settings = {ATTRIBUTES = (RemoveHeadersOnCopy, ); }; };
/* End PBXBuildFile section */

/* Begin PBXContainerItemProxy section */
		D761D6C02085D0E4000A8D38 /* PBXContainerItemProxy */ = {
			isa = PBXContainerItemProxy;
			containerPortal = D761D6A32085D0E4000A8D38 /* Project object */;
			proxyType = 1;
			remoteGlobalIDString = D761D6AA2085D0E4000A8D38;
			remoteInfo = TestRichNotification;
		};
		D761D6CB2085D0E4000A8D38 /* PBXContainerItemProxy */ = {
			isa = PBXContainerItemProxy;
			containerPortal = D761D6A32085D0E4000A8D38 /* Project object */;
			proxyType = 1;
			remoteGlobalIDString = D761D6AA2085D0E4000A8D38;
			remoteInfo = TestRichNotification;
		};
		D761D6E52085D10E000A8D38 /* PBXContainerItemProxy */ = {
			isa = PBXContainerItemProxy;
			containerPortal = D761D6A32085D0E4000A8D38 /* Project object */;
			proxyType = 1;
			remoteGlobalIDString = D761D6DF2085D10E000A8D38;
			remoteInfo = ExtentionRich;
		};
/* End PBXContainerItemProxy section */

/* Begin PBXCopyFilesBuildPhase section */
		D761D6EB2085D10E000A8D38 /* Embed App Extensions */ = {
			isa = PBXCopyFilesBuildPhase;
			buildActionMask = 2147483647;
			dstPath = "";
			dstSubfolderSpec = 13;
			files = (
				D761D6E72085D10E000A8D38 /* ExtentionRich.appex in Embed App Extensions */,
			);
			name = "Embed App Extensions";
			runOnlyForDeploymentPostprocessing = 0;
		};
/* End PBXCopyFilesBuildPhase section */

/* Begin PBXFileReference section */
		D761D6AB2085D0E4000A8D38 /* TestRichNotification.app */ = {isa = PBXFileReference; explicitFileType = wrapper.application; includeInIndex = 0; path = TestRichNotification.app; sourceTree = BUILT_PRODUCTS_DIR; };
		D761D6AE2085D0E4000A8D38 /* AppDelegate.swift */ = {isa = PBXFileReference; lastKnownFileType = sourcecode.swift; path = AppDelegate.swift; sourceTree = "<group>"; };
		D761D6B02085D0E4000A8D38 /* ViewController.swift */ = {isa = PBXFileReference; lastKnownFileType = sourcecode.swift; path = ViewController.swift; sourceTree = "<group>"; };
		D761D6B32085D0E4000A8D38 /* Base */ = {isa = PBXFileReference; lastKnownFileType = file.storyboard; name = Base; path = Base.lproj/Main.storyboard; sourceTree = "<group>"; };
		D761D6B52085D0E4000A8D38 /* Assets.xcassets */ = {isa = PBXFileReference; lastKnownFileType = folder.assetcatalog; path = Assets.xcassets; sourceTree = "<group>"; };
		D761D6B82085D0E4000A8D38 /* Base */ = {isa = PBXFileReference; lastKnownFileType = file.storyboard; name = Base; path = Base.lproj/LaunchScreen.storyboard; sourceTree = "<group>"; };
		D761D6BA2085D0E4000A8D38 /* Info.plist */ = {isa = PBXFileReference; lastKnownFileType = text.plist.xml; path = Info.plist; sourceTree = "<group>"; };
		D761D6BF2085D0E4000A8D38 /* TestRichNotificationTests.xctest */ = {isa = PBXFileReference; explicitFileType = wrapper.cfbundle; includeInIndex = 0; path = TestRichNotificationTests.xctest; sourceTree = BUILT_PRODUCTS_DIR; };
		D761D6C32085D0E4000A8D38 /* TestRichNotificationTests.swift */ = {isa = PBXFileReference; lastKnownFileType = sourcecode.swift; path = TestRichNotificationTests.swift; sourceTree = "<group>"; };
		D761D6C52085D0E4000A8D38 /* Info.plist */ = {isa = PBXFileReference; lastKnownFileType = text.plist.xml; path = Info.plist; sourceTree = "<group>"; };
		D761D6CA2085D0E4000A8D38 /* TestRichNotificationUITests.xctest */ = {isa = PBXFileReference; explicitFileType = wrapper.cfbundle; includeInIndex = 0; path = TestRichNotificationUITests.xctest; sourceTree = BUILT_PRODUCTS_DIR; };
		D761D6CE2085D0E4000A8D38 /* TestRichNotificationUITests.swift */ = {isa = PBXFileReference; lastKnownFileType = sourcecode.swift; path = TestRichNotificationUITests.swift; sourceTree = "<group>"; };
		D761D6D02085D0E4000A8D38 /* Info.plist */ = {isa = PBXFileReference; lastKnownFileType = text.plist.xml; path = Info.plist; sourceTree = "<group>"; };
		D761D6E02085D10E000A8D38 /* ExtentionRich.appex */ = {isa = PBXFileReference; explicitFileType = "wrapper.app-extension"; includeInIndex = 0; path = ExtentionRich.appex; sourceTree = BUILT_PRODUCTS_DIR; };
		D761D6E22085D10E000A8D38 /* NotificationService.swift */ = {isa = PBXFileReference; lastKnownFileType = sourcecode.swift; path = NotificationService.swift; sourceTree = "<group>"; };
		D761D6E42085D10E000A8D38 /* Info.plist */ = {isa = PBXFileReference; lastKnownFileType = text.plist.xml; path = Info.plist; sourceTree = "<group>"; };
		D761D6EC2085D177000A8D38 /* ExtentionRich.entitlements */ = {isa = PBXFileReference; lastKnownFileType = text.plist.entitlements; path = ExtentionRich.entitlements; sourceTree = "<group>"; };
		D761D6ED2085D187000A8D38 /* TestRichNotification.entitlements */ = {isa = PBXFileReference; lastKnownFileType = text.plist.entitlements; path = TestRichNotification.entitlements; sourceTree = "<group>"; };
/* End PBXFileReference section */

/* Begin PBXFrameworksBuildPhase section */
		D761D6A82085D0E4000A8D38 /* Frameworks */ = {
			isa = PBXFrameworksBuildPhase;
			buildActionMask = 2147483647;
			files = (
			);
			runOnlyForDeploymentPostprocessing = 0;
		};
		D761D6BC2085D0E4000A8D38 /* Frameworks */ = {
			isa = PBXFrameworksBuildPhase;
			buildActionMask = 2147483647;
			files = (
			);
			runOnlyForDeploymentPostprocessing = 0;
		};
		D761D6C72085D0E4000A8D38 /* Frameworks */ = {
			isa = PBXFrameworksBuildPhase;
			buildActionMask = 2147483647;
			files = (
			);
			runOnlyForDeploymentPostprocessing = 0;
		};
		D761D6DD2085D10E000A8D38 /* Frameworks */ = {
			isa = PBXFrameworksBuildPhase;
			buildActionMask = 2147483647;
			files = (
			);
			runOnlyForDeploymentPostprocessing = 0;
		};
/* End PBXFrameworksBuildPhase section */

/* Begin PBXGroup section */
		D761D6A22085D0E4000A8D38 = {
			isa = PBXGroup;
			children = (
				D761D6AD2085D0E4000A8D38 /* TestRichNotification */,
				D761D6C22085D0E4000A8D38 /* TestRichNotificationTests */,
				D761D6CD2085D0E4000A8D38 /* TestRichNotificationUITests */,
				D761D6E12085D10E000A8D38 /* ExtentionRich */,
				D761D6AC2085D0E4000A8D38 /* Products */,
			);
			sourceTree = "<group>";
		};
		D761D6AC2085D0E4000A8D38 /* Products */ = {
			isa = PBXGroup;
			children = (
				D761D6AB2085D0E4000A8D38 /* TestRichNotification.app */,
				D761D6BF2085D0E4000A8D38 /* TestRichNotificationTests.xctest */,
				D761D6CA2085D0E4000A8D38 /* TestRichNotificationUITests.xctest */,
				D761D6E02085D10E000A8D38 /* ExtentionRich.appex */,
			);
			name = Products;
			sourceTree = "<group>";
		};
		D761D6AD2085D0E4000A8D38 /* TestRichNotification */ = {
			isa = PBXGroup;
			children = (
				D761D6ED2085D187000A8D38 /* TestRichNotification.entitlements */,
				D761D6AE2085D0E4000A8D38 /* AppDelegate.swift */,
				D761D6B02085D0E4000A8D38 /* ViewController.swift */,
				D761D6B22085D0E4000A8D38 /* Main.storyboard */,
				D761D6B52085D0E4000A8D38 /* Assets.xcassets */,
				D761D6B72085D0E4000A8D38 /* LaunchScreen.storyboard */,
				D761D6BA2085D0E4000A8D38 /* Info.plist */,
			);
			path = TestRichNotification;
			sourceTree = "<group>";
		};
		D761D6C22085D0E4000A8D38 /* TestRichNotificationTests */ = {
			isa = PBXGroup;
			children = (
				D761D6C32085D0E4000A8D38 /* TestRichNotificationTests.swift */,
				D761D6C52085D0E4000A8D38 /* Info.plist */,
			);
			path = TestRichNotificationTests;
			sourceTree = "<group>";
		};
		D761D6CD2085D0E4000A8D38 /* TestRichNotificationUITests */ = {
			isa = PBXGroup;
			children = (
				D761D6CE2085D0E4000A8D38 /* TestRichNotificationUITests.swift */,
				D761D6D02085D0E4000A8D38 /* Info.plist */,
			);
			path = TestRichNotificationUITests;
			sourceTree = "<group>";
		};
		D761D6E12085D10E000A8D38 /* ExtentionRich */ = {
			isa = PBXGroup;
			children = (
				D761D6EC2085D177000A8D38 /* ExtentionRich.entitlements */,
				D761D6E22085D10E000A8D38 /* NotificationService.swift */,
				D761D6E42085D10E000A8D38 /* Info.plist */,
			);
			path = ExtentionRich;
			sourceTree = "<group>";
		};
/* End PBXGroup section */

/* Begin PBXNativeTarget section */
		D761D6AA2085D0E4000A8D38 /* TestRichNotification */ = {
			isa = PBXNativeTarget;
			buildConfigurationList = D761D6D32085D0E4000A8D38 /* Build configuration list for PBXNativeTarget "TestRichNotification" */;
			buildPhases = (
				D761D6A72085D0E4000A8D38 /* Sources */,
				D761D6A82085D0E4000A8D38 /* Frameworks */,
				D761D6A92085D0E4000A8D38 /* Resources */,
				D761D6EB2085D10E000A8D38 /* Embed App Extensions */,
			);
			buildRules = (
			);
			dependencies = (
				D761D6E62085D10E000A8D38 /* PBXTargetDependency */,
			);
			name = TestRichNotification;
			productName = TestRichNotification;
			productReference = D761D6AB2085D0E4000A8D38 /* TestRichNotification.app */;
			productType = "com.apple.product-type.application";
		};
		D761D6BE2085D0E4000A8D38 /* TestRichNotificationTests */ = {
			isa = PBXNativeTarget;
			buildConfigurationList = D761D6D62085D0E4000A8D38 /* Build configuration list for PBXNativeTarget "TestRichNotificationTests" */;
			buildPhases = (
				D761D6BB2085D0E4000A8D38 /* Sources */,
				D761D6BC2085D0E4000A8D38 /* Frameworks */,
				D761D6BD2085D0E4000A8D38 /* Resources */,
			);
			buildRules = (
			);
			dependencies = (
				D761D6C12085D0E4000A8D38 /* PBXTargetDependency */,
			);
			name = TestRichNotificationTests;
			productName = TestRichNotificationTests;
			productReference = D761D6BF2085D0E4000A8D38 /* TestRichNotificationTests.xctest */;
			productType = "com.apple.product-type.bundle.unit-test";
		};
		D761D6C92085D0E4000A8D38 /* TestRichNotificationUITests */ = {
			isa = PBXNativeTarget;
			buildConfigurationList = D761D6D92085D0E4000A8D38 /* Build configuration list for PBXNativeTarget "TestRichNotificationUITests" */;
			buildPhases = (
				D761D6C62085D0E4000A8D38 /* Sources */,
				D761D6C72085D0E4000A8D38 /* Frameworks */,
				D761D6C82085D0E4000A8D38 /* Resources */,
			);
			buildRules = (
			);
			dependencies = (
				D761D6CC2085D0E4000A8D38 /* PBXTargetDependency */,
			);
			name = TestRichNotificationUITests;
			productName = TestRichNotificationUITests;
			productReference = D761D6CA2085D0E4000A8D38 /* TestRichNotificationUITests.xctest */;
			productType = "com.apple.product-type.bundle.ui-testing";
		};
		D761D6DF2085D10E000A8D38 /* ExtentionRich */ = {
			isa = PBXNativeTarget;
			buildConfigurationList = D761D6E82085D10E000A8D38 /* Build configuration list for PBXNativeTarget "ExtentionRich" */;
			buildPhases = (
				D761D6DC2085D10E000A8D38 /* Sources */,
				D761D6DD2085D10E000A8D38 /* Frameworks */,
				D761D6DE2085D10E000A8D38 /* Resources */,
			);
			buildRules = (
			);
			dependencies = (
			);
			name = ExtentionRich;
			productName = ExtentionRich;
			productReference = D761D6E02085D10E000A8D38 /* ExtentionRich.appex */;
			productType = "com.apple.product-type.app-extension";
		};
/* End PBXNativeTarget section */

/* Begin PBXProject section */
		D761D6A32085D0E4000A8D38 /* Project object */ = {
			isa = PBXProject;
			attributes = {
				LastSwiftUpdateCheck = 0920;
				LastUpgradeCheck = 0920;
				ORGANIZATIONNAME = gomedii;
				TargetAttributes = {
					D761D6AA2085D0E4000A8D38 = {
						CreatedOnToolsVersion = 9.2;
						ProvisioningStyle = Automatic;
						SystemCapabilities = {
							com.apple.BackgroundModes = {
								enabled = 1;
							};
							com.apple.Keychain = {
								enabled = 0;
							};
							com.apple.Push = {
								enabled = 1;
							};
						};
					};
					D761D6BE2085D0E4000A8D38 = {
						CreatedOnToolsVersion = 9.2;
						ProvisioningStyle = Automatic;
						TestTargetID = D761D6AA2085D0E4000A8D38;
					};
					D761D6C92085D0E4000A8D38 = {
						CreatedOnToolsVersion = 9.2;
						ProvisioningStyle = Automatic;
						TestTargetID = D761D6AA2085D0E4000A8D38;
					};
					D761D6DF2085D10E000A8D38 = {
						CreatedOnToolsVersion = 9.2;
						ProvisioningStyle = Automatic;
						SystemCapabilities = {
							com.apple.ApplicationGroups.iOS = {
								enabled = 1;
							};
							com.apple.Push = {
								enabled = 1;
							};
						};
					};
				};
			};
			buildConfigurationList = D761D6A62085D0E4000A8D38 /* Build configuration list for PBXProject "TestRichNotification" */;
			compatibilityVersion = "Xcode 8.0";
			developmentRegion = en;
			hasScannedForEncodings = 0;
			knownRegions = (
				en,
				Base,
			);
			mainGroup = D761D6A22085D0E4000A8D38;
			productRefGroup = D761D6AC2085D0E4000A8D38 /* Products */;
			projectDirPath = "";
			projectRoot = "";
			targets = (
				D761D6AA2085D0E4000A8D38 /* TestRichNotification */,
				D761D6BE2085D0E4000A8D38 /* TestRichNotificationTests */,
				D761D6C92085D0E4000A8D38 /* TestRichNotificationUITests */,
				D761D6DF2085D10E000A8D38 /* ExtentionRich */,
			);
		};
/* End PBXProject section */

/* Begin PBXResourcesBuildPhase section */
		D761D6A92085D0E4000A8D38 /* Resources */ = {
			isa = PBXResourcesBuildPhase;
			buildActionMask = 2147483647;
			files = (
				D761D6B92085D0E4000A8D38 /* LaunchScreen.storyboard in Resources */,
				D761D6B62085D0E4000A8D38 /* Assets.xcassets in Resources */,
				D761D6B42085D0E4000A8D38 /* Main.storyboard in Resources */,
			);
			runOnlyForDeploymentPostprocessing = 0;
		};
		D761D6BD2085D0E4000A8D38 /* Resources */ = {
			isa = PBXResourcesBuildPhase;
			buildActionMask = 2147483647;
			files = (
			);
			runOnlyForDeploymentPostprocessing = 0;
		};
		D761D6C82085D0E4000A8D38 /* Resources */ = {
			isa = PBXResourcesBuildPhase;
			buildActionMask = 2147483647;
			files = (
			);
			runOnlyForDeploymentPostprocessing = 0;
		};
		D761D6DE2085D10E000A8D38 /* Resources */ = {
			isa = PBXResourcesBuildPhase;
			buildActionMask = 2147483647;
			files = (
			);
			runOnlyForDeploymentPostprocessing = 0;
		};
/* End PBXResourcesBuildPhase section */

/* Begin PBXSourcesBuildPhase section */
		D761D6A72085D0E4000A8D38 /* Sources */ = {
			isa = PBXSourcesBuildPhase;
			buildActionMask = 2147483647;
			files = (
				D761D6B12085D0E4000A8D38 /* ViewController.swift in Sources */,
				D761D6AF2085D0E4000A8D38 /* AppDelegate.swift in Sources */,
			);
			runOnlyForDeploymentPostprocessing = 0;
		};
		D761D6BB2085D0E4000A8D38 /* Sources */ = {
			isa = PBXSourcesBuildPhase;
			buildActionMask = 2147483647;
			files = (
				D761D6C42085D0E4000A8D38 /* TestRichNotificationTests.swift in Sources */,
			);
			runOnlyForDeploymentPostprocessing = 0;
		};
		D761D6C62085D0E4000A8D38 /* Sources */ = {
			isa = PBXSourcesBuildPhase;
			buildActionMask = 2147483647;
			files = (
				D761D6CF2085D0E4000A8D38 /* TestRichNotificationUITests.swift in Sources */,
			);
			runOnlyForDeploymentPostprocessing = 0;
		};
		D761D6DC2085D10E000A8D38 /* Sources */ = {
			isa = PBXSourcesBuildPhase;
			buildActionMask = 2147483647;
			files = (
				D761D6E32085D10E000A8D38 /* NotificationService.swift in Sources */,
			);
			runOnlyForDeploymentPostprocessing = 0;
		};
/* End PBXSourcesBuildPhase section */

/* Begin PBXTargetDependency section */
		D761D6C12085D0E4000A8D38 /* PBXTargetDependency */ = {
			isa = PBXTargetDependency;
			target = D761D6AA2085D0E4000A8D38 /* TestRichNotification */;
			targetProxy = D761D6C02085D0E4000A8D38 /* PBXContainerItemProxy */;
		};
		D761D6CC2085D0E4000A8D38 /* PBXTargetDependency */ = {
			isa = PBXTargetDependency;
			target = D761D6AA2085D0E4000A8D38 /* TestRichNotification */;
			targetProxy = D761D6CB2085D0E4000A8D38 /* PBXContainerItemProxy */;
		};
		D761D6E62085D10E000A8D38 /* PBXTargetDependency */ = {
			isa = PBXTargetDependency;
			target = D761D6DF2085D10E000A8D38 /* ExtentionRich */;
			targetProxy = D761D6E52085D10E000A8D38 /* PBXContainerItemProxy */;
		};
/* End PBXTargetDependency section */

/* Begin PBXVariantGroup section */
		D761D6B22085D0E4000A8D38 /* Main.storyboard */ = {
			isa = PBXVariantGroup;
			children = (
				D761D6B32085D0E4000A8D38 /* Base */,
			);
			name = Main.storyboard;
			sourceTree = "<group>";
		};
		D761D6B72085D0E4000A8D38 /* LaunchScreen.storyboard */ = {
			isa = PBXVariantGroup;
			children = (
				D761D6B82085D0E4000A8D38 /* Base */,
			);
			name = LaunchScreen.storyboard;
			sourceTree = "<group>";
		};
/* End PBXVariantGroup section */

/* Begin XCBuildConfiguration section */
		D761D6D12085D0E4000A8D38 /* Debug */ = {
			isa = XCBuildConfiguration;
			buildSettings = {
				ALWAYS_SEARCH_USER_PATHS = NO;
				CLANG_ANALYZER_NONNULL = YES;
				CLANG_ANALYZER_NUMBER_OBJECT_CONVERSION = YES_AGGRESSIVE;
				CLANG_CXX_LANGUAGE_STANDARD = "gnu++14";
				CLANG_CXX_LIBRARY = "libc++";
				CLANG_ENABLE_MODULES = YES;
				CLANG_ENABLE_OBJC_ARC = YES;
				CLANG_WARN_BLOCK_CAPTURE_AUTORELEASING = YES;
				CLANG_WARN_BOOL_CONVERSION = YES;
				CLANG_WARN_COMMA = YES;
				CLANG_WARN_CONSTANT_CONVERSION = YES;
				CLANG_WARN_DIRECT_OBJC_ISA_USAGE = YES_ERROR;
				CLANG_WARN_DOCUMENTATION_COMMENTS = YES;
				CLANG_WARN_EMPTY_BODY = YES;
				CLANG_WARN_ENUM_CONVERSION = YES;
				CLANG_WARN_INFINITE_RECURSION = YES;
				CLANG_WARN_INT_CONVERSION = YES;
				CLANG_WARN_NON_LITERAL_NULL_CONVERSION = YES;
				CLANG_WARN_OBJC_LITERAL_CONVERSION = YES;
				CLANG_WARN_OBJC_ROOT_CLASS = YES_ERROR;
				CLANG_WARN_RANGE_LOOP_ANALYSIS = YES;
				CLANG_WARN_STRICT_PROTOTYPES = YES;
				CLANG_WARN_SUSPICIOUS_MOVE = YES;
				CLANG_WARN_UNGUARDED_AVAILABILITY = YES_AGGRESSIVE;
				CLANG_WARN_UNREACHABLE_CODE = YES;
				CLANG_WARN__DUPLICATE_METHOD_MATCH = YES;
				CODE_SIGN_IDENTITY = "iPhone Developer";
				COPY_PHASE_STRIP = NO;
				DEBUG_INFORMATION_FORMAT = dwarf;
				ENABLE_STRICT_OBJC_MSGSEND = YES;
				ENABLE_TESTABILITY = YES;
				GCC_C_LANGUAGE_STANDARD = gnu11;
				GCC_DYNAMIC_NO_PIC = NO;
				GCC_NO_COMMON_BLOCKS = YES;
				GCC_OPTIMIZATION_LEVEL = 0;
				GCC_PREPROCESSOR_DEFINITIONS = (
					"DEBUG=1",
					"$(inherited)",
				);
				GCC_WARN_64_TO_32_BIT_CONVERSION = YES;
				GCC_WARN_ABOUT_RETURN_TYPE = YES_ERROR;
				GCC_WARN_UNDECLARED_SELECTOR = YES;
				GCC_WARN_UNINITIALIZED_AUTOS = YES_AGGRESSIVE;
				GCC_WARN_UNUSED_FUNCTION = YES;
				GCC_WARN_UNUSED_VARIABLE = YES;
				IPHONEOS_DEPLOYMENT_TARGET = 11.2;
				MTL_ENABLE_DEBUG_INFO = YES;
				ONLY_ACTIVE_ARCH = YES;
				SDKROOT = iphoneos;
				SWIFT_ACTIVE_COMPILATION_CONDITIONS = DEBUG;
				SWIFT_OPTIMIZATION_LEVEL = "-Onone";
			};
			name = Debug;
		};
		D761D6D22085D0E4000A8D38 /* Release */ = {
			isa = XCBuildConfiguration;
			buildSettings = {
				ALWAYS_SEARCH_USER_PATHS = NO;
				CLANG_ANALYZER_NONNULL = YES;
				CLANG_ANALYZER_NUMBER_OBJECT_CONVERSION = YES_AGGRESSIVE;
				CLANG_CXX_LANGUAGE_STANDARD = "gnu++14";
				CLANG_CXX_LIBRARY = "libc++";
				CLANG_ENABLE_MODULES = YES;
				CLANG_ENABLE_OBJC_ARC = YES;
				CLANG_WARN_BLOCK_CAPTURE_AUTORELEASING = YES;
				CLANG_WARN_BOOL_CONVERSION = YES;
				CLANG_WARN_COMMA = YES;
				CLANG_WARN_CONSTANT_CONVERSION = YES;
				CLANG_WARN_DIRECT_OBJC_ISA_USAGE = YES_ERROR;
				CLANG_WARN_DOCUMENTATION_COMMENTS = YES;
				CLANG_WARN_EMPTY_BODY = YES;
				CLANG_WARN_ENUM_CONVERSION = YES;
				CLANG_WARN_INFINITE_RECURSION = YES;
				CLANG_WARN_INT_CONVERSION = YES;
				CLANG_WARN_NON_LITERAL_NULL_CONVERSION = YES;
				CLANG_WARN_OBJC_LITERAL_CONVERSION = YES;
				CLANG_WARN_OBJC_ROOT_CLASS = YES_ERROR;
				CLANG_WARN_RANGE_LOOP_ANALYSIS = YES;
				CLANG_WARN_STRICT_PROTOTYPES = YES;
				CLANG_WARN_SUSPICIOUS_MOVE = YES;
				CLANG_WARN_UNGUARDED_AVAILABILITY = YES_AGGRESSIVE;
				CLANG_WARN_UNREACHABLE_CODE = YES;
				CLANG_WARN__DUPLICATE_METHOD_MATCH = YES;
				CODE_SIGN_IDENTITY = "iPhone Developer";
				COPY_PHASE_STRIP = NO;
				DEBUG_INFORMATION_FORMAT = "dwarf-with-dsym";
				ENABLE_NS_ASSERTIONS = NO;
				ENABLE_STRICT_OBJC_MSGSEND = YES;
				GCC_C_LANGUAGE_STANDARD = gnu11;
				GCC_NO_COMMON_BLOCKS = YES;
				GCC_WARN_64_TO_32_BIT_CONVERSION = YES;
				GCC_WARN_ABOUT_RETURN_TYPE = YES_ERROR;
				GCC_WARN_UNDECLARED_SELECTOR = YES;
				GCC_WARN_UNINITIALIZED_AUTOS = YES_AGGRESSIVE;
				GCC_WARN_UNUSED_FUNCTION = YES;
				GCC_WARN_UNUSED_VARIABLE = YES;
				IPHONEOS_DEPLOYMENT_TARGET = 11.2;
				MTL_ENABLE_DEBUG_INFO = NO;
				SDKROOT = iphoneos;
				SWIFT_OPTIMIZATION_LEVEL = "-Owholemodule";
				VALIDATE_PRODUCT = YES;
			};
			name = Release;
		};
		D761D6D42085D0E4000A8D38 /* Debug */ = {
			isa = XCBuildConfiguration;
			buildSettings = {
				ALWAYS_EMBED_SWIFT_STANDARD_LIBRARIES = YES;
				ASSETCATALOG_COMPILER_APPICON_NAME = AppIcon;
				CODE_SIGN_ENTITLEMENTS = TestRichNotification/TestRichNotification.entitlements;
				CODE_SIGN_STYLE = Automatic;
				DEVELOPMENT_TEAM = T7NZ937HQM;
				INFOPLIST_FILE = TestRichNotification/Info.plist;
				IPHONEOS_DEPLOYMENT_TARGET = 11.0;
				LD_RUNPATH_SEARCH_PATHS = "$(inherited) @executable_path/Frameworks";
				PRODUCT_BUNDLE_IDENTIFIER = com.gomedii;
				PRODUCT_NAME = "$(TARGET_NAME)";
				SWIFT_VERSION = 4.0;
				TARGETED_DEVICE_FAMILY = "1,2";
			};
			name = Debug;
		};
		D761D6D52085D0E4000A8D38 /* Release */ = {
			isa = XCBuildConfiguration;
			buildSettings = {
				ALWAYS_EMBED_SWIFT_STANDARD_LIBRARIES = YES;
				ASSETCATALOG_COMPILER_APPICON_NAME = AppIcon;
				CODE_SIGN_ENTITLEMENTS = TestRichNotification/TestRichNotification.entitlements;
				CODE_SIGN_STYLE = Automatic;
				DEVELOPMENT_TEAM = T7NZ937HQM;
				INFOPLIST_FILE = TestRichNotification/Info.plist;
				IPHONEOS_DEPLOYMENT_TARGET = 11.0;
				LD_RUNPATH_SEARCH_PATHS = "$(inherited) @executable_path/Frameworks";
				PRODUCT_BUNDLE_IDENTIFIER = com.gomedii;
				PRODUCT_NAME = "$(TARGET_NAME)";
				SWIFT_VERSION = 4.0;
				TARGETED_DEVICE_FAMILY = "1,2";
			};
			name = Release;
		};
		D761D6D72085D0E4000A8D38 /* Debug */ = {
			isa = XCBuildConfiguration;
			buildSettings = {
				ALWAYS_EMBED_SWIFT_STANDARD_LIBRARIES = YES;
				BUNDLE_LOADER = "$(TEST_HOST)";
				CODE_SIGN_STYLE = Automatic;
				DEVELOPMENT_TEAM = T7NZ937HQM;
				INFOPLIST_FILE = TestRichNotificationTests/Info.plist;
				LD_RUNPATH_SEARCH_PATHS = "$(inherited) @executable_path/Frameworks @loader_path/Frameworks";
				PRODUCT_BUNDLE_IDENTIFIER = com.gomedii.TestRichNotificationTests;
				PRODUCT_NAME = "$(TARGET_NAME)";
				SWIFT_VERSION = 4.0;
				TARGETED_DEVICE_FAMILY = "1,2";
				TEST_HOST = "$(BUILT_PRODUCTS_DIR)/TestRichNotification.app/TestRichNotification";
			};
			name = Debug;
		};
		D761D6D82085D0E4000A8D38 /* Release */ = {
			isa = XCBuildConfiguration;
			buildSettings = {
				ALWAYS_EMBED_SWIFT_STANDARD_LIBRARIES = YES;
				BUNDLE_LOADER = "$(TEST_HOST)";
				CODE_SIGN_STYLE = Automatic;
				DEVELOPMENT_TEAM = T7NZ937HQM;
				INFOPLIST_FILE = TestRichNotificationTests/Info.plist;
				LD_RUNPATH_SEARCH_PATHS = "$(inherited) @executable_path/Frameworks @loader_path/Frameworks";
				PRODUCT_BUNDLE_IDENTIFIER = com.gomedii.TestRichNotificationTests;
				PRODUCT_NAME = "$(TARGET_NAME)";
				SWIFT_VERSION = 4.0;
				TARGETED_DEVICE_FAMILY = "1,2";
				TEST_HOST = "$(BUILT_PRODUCTS_DIR)/TestRichNotification.app/TestRichNotification";
			};
			name = Release;
		};
		D761D6DA2085D0E4000A8D38 /* Debug */ = {
			isa = XCBuildConfiguration;
			buildSettings = {
				ALWAYS_EMBED_SWIFT_STANDARD_LIBRARIES = YES;
				CODE_SIGN_STYLE = Automatic;
				DEVELOPMENT_TEAM = T7NZ937HQM;
				INFOPLIST_FILE = TestRichNotificationUITests/Info.plist;
				LD_RUNPATH_SEARCH_PATHS = "$(inherited) @executable_path/Frameworks @loader_path/Frameworks";
				PRODUCT_BUNDLE_IDENTIFIER = com.gomedii.TestRichNotificationUITests;
				PRODUCT_NAME = "$(TARGET_NAME)";
				SWIFT_VERSION = 4.0;
				TARGETED_DEVICE_FAMILY = "1,2";
				TEST_TARGET_NAME = TestRichNotification;
			};
			name = Debug;
		};
		D761D6DB2085D0E4000A8D38 /* Release */ = {
			isa = XCBuildConfiguration;
			buildSettings = {
				ALWAYS_EMBED_SWIFT_STANDARD_LIBRARIES = YES;
				CODE_SIGN_STYLE = Automatic;
				DEVELOPMENT_TEAM = T7NZ937HQM;
				INFOPLIST_FILE = TestRichNotificationUITests/Info.plist;
				LD_RUNPATH_SEARCH_PATHS = "$(inherited) @executable_path/Frameworks @loader_path/Frameworks";
				PRODUCT_BUNDLE_IDENTIFIER = com.gomedii.TestRichNotificationUITests;
				PRODUCT_NAME = "$(TARGET_NAME)";
				SWIFT_VERSION = 4.0;
				TARGETED_DEVICE_FAMILY = "1,2";
				TEST_TARGET_NAME = TestRichNotification;
			};
			name = Release;
		};
		D761D6E92085D10E000A8D38 /* Debug */ = {
			isa = XCBuildConfiguration;
			buildSettings = {
				CODE_SIGN_ENTITLEMENTS = ExtentionRich/ExtentionRich.entitlements;
				CODE_SIGN_STYLE = Automatic;
				DEVELOPMENT_TEAM = T7NZ937HQM;
				INFOPLIST_FILE = ExtentionRich/Info.plist;
				IPHONEOS_DEPLOYMENT_TARGET = 11.0;
				LD_RUNPATH_SEARCH_PATHS = "$(inherited) @executable_path/Frameworks @executable_path/../../Frameworks";
				PRODUCT_BUNDLE_IDENTIFIER = com.gomedii.ExtentionRich;
				PRODUCT_NAME = "$(TARGET_NAME)";
				SKIP_INSTALL = YES;
				SWIFT_VERSION = 4.0;
				TARGETED_DEVICE_FAMILY = "1,2";
			};
			name = Debug;
		};
		D761D6EA2085D10E000A8D38 /* Release */ = {
			isa = XCBuildConfiguration;
			buildSettings = {
				CODE_SIGN_ENTITLEMENTS = ExtentionRich/ExtentionRich.entitlements;
				CODE_SIGN_STYLE = Automatic;
				DEVELOPMENT_TEAM = T7NZ937HQM;
				INFOPLIST_FILE = ExtentionRich/Info.plist;
				IPHONEOS_DEPLOYMENT_TARGET = 11.0;
				LD_RUNPATH_SEARCH_PATHS = "$(inherited) @executable_path/Frameworks @executable_path/../../Frameworks";
				PRODUCT_BUNDLE_IDENTIFIER = com.gomedii.ExtentionRich;
				PRODUCT_NAME = "$(TARGET_NAME)";
				SKIP_INSTALL = YES;
				SWIFT_VERSION = 4.0;
				TARGETED_DEVICE_FAMILY = "1,2";
			};
			name = Release;
		};
/* End XCBuildConfiguration section */

/* Begin XCConfigurationList section */
		D761D6A62085D0E4000A8D38 /* Build configuration list for PBXProject "TestRichNotification" */ = {
			isa = XCConfigurationList;
			buildConfigurations = (
				D761D6D12085D0E4000A8D38 /* Debug */,
				D761D6D22085D0E4000A8D38 /* Release */,
			);
			defaultConfigurationIsVisible = 0;
			defaultConfigurationName = Release;
		};
		D761D6D32085D0E4000A8D38 /* Build configuration list for PBXNativeTarget "TestRichNotification" */ = {
			isa = XCConfigurationList;
			buildConfigurations = (
				D761D6D42085D0E4000A8D38 /* Debug */,
				D761D6D52085D0E4000A8D38 /* Release */,
			);
			defaultConfigurationIsVisible = 0;
			defaultConfigurationName = Release;
		};
		D761D6D62085D0E4000A8D38 /* Build configuration list for PBXNativeTarget "TestRichNotificationTests" */ = {
			isa = XCConfigurationList;
			buildConfigurations = (
				D761D6D72085D0E4000A8D38 /* Debug */,
				D761D6D82085D0E4000A8D38 /* Release */,
			);
			defaultConfigurationIsVisible = 0;
			defaultConfigurationName = Release;
		};
		D761D6D92085D0E4000A8D38 /* Build configuration list for PBXNativeTarget "TestRichNotificationUITests" */ = {
			isa = XCConfigurationList;
			buildConfigurations = (
				D761D6DA2085D0E4000A8D38 /* Debug */,
				D761D6DB2085D0E4000A8D38 /* Release */,
			);
			defaultConfigurationIsVisible = 0;
			defaultConfigurationName = Release;
		};
		D761D6E82085D10E000A8D38 /* Build configuration list for PBXNativeTarget "ExtentionRich" */ = {
			isa = XCConfigurationList;
			buildConfigurations = (
				D761D6E92085D10E000A8D38 /* Debug */,
				D761D6EA2085D10E000A8D38 /* Release */,
			);
			defaultConfigurationIsVisible = 0;
			defaultConfigurationName = Release;
		};
/* End XCConfigurationList section */
	};
	rootObject = D761D6A32085D0E4000A8D38 /* Project object */;
}
